
Microsoft Visual Studio Solution File, Format Version 12.00
# Visual Studio 15
VisualStudioVersion = 15.0.27703.2026
MinimumVisualStudioVersion = 10.0.40219.1
Project("{8BC9CEB8-8B4A-11D0-8D11-00A0C91BC942}") = "NowCoder", "NowCoder\NowCoder.vcxproj", "{206FC75B-84DC-4C7A-A51E-EE66CD4CFED3}"
EndProject
Global
	GlobalSection(SolutionConfigurationPlatforms) = preSolution
		Debug|x64 = Debug|x64
		Debug|x86 = Debug|x86
		Release|x64 = Release|x64
		Release|x86 = Release|x86
	EndGlobalSection
	GlobalSection(ProjectConfigurationPlatforms) = postSolution
		{206FC75B-84DC-4C7A-A51E-EE66CD4CFED3}.Debug|x64.ActiveCfg = Debug|x64
		{206FC75B-84DC-4C7A-A51E-EE66CD4CFED3}.Debug|x64.Build.0 = Debug|x64
		{206FC75B-84DC-4C7A-A51E-EE66CD4CFED3}.Debug|x86.ActiveCfg = Debug|Win32
		{206FC75B-84DC-4C7A-A51E-EE66CD4CFED3}.Debug|x86.Build.0 = Debug|Win32
		{206FC75B-84DC-4C7A-A51E-EE66CD4CFED3}.Release|x64.ActiveCfg = Release|x64
		{206FC75B-84DC-4C7A-A51E-EE66CD4CFED3}.Release|x64.Build.0 = Release|x64
		{206FC75B-84DC-4C7A-A51E-EE66CD4CFED3}.Release|x86.ActiveCfg = Release|Win32
		{206FC75B-84DC-4C7A-A51E-EE66CD4CFED3}.Release|x86.Build.0 = Release|Win32
	EndGlobalSection
	GlobalSection(SolutionProperties) = preSolution
		HideSolutionNode = FALSE
	EndGlobalSection
	GlobalSection(ExtensibilityGlobals) = postSolution
		SolutionGuid = {CFFD2138-9BD4-4FC9-9A48-6A44D375CC00}
	EndGlobalSection
EndGlobal
